
Microsoft Visual Studio Solution File, Format Version 12.00
# Visual Studio Version 16
VisualStudioVersion = 16.0.32106.194
MinimumVisualStudioVersion = 10.0.40219.1
Project("{FAE04EC0-301F-11D3-BF4B-00C04F79EFBC}") = "SocietyManagementSystem", "SocietyManagementSystem.csproj", "{D739603A-2F89-4E95-AACF-9FD8A0C1F37A}"
EndProject
Global
	GlobalSection(SolutionConfigurationPlatforms) = preSolution
		Debug|Any CPU = Debug|Any CPU
		Release|Any CPU = Release|Any CPU
	EndGlobalSection
	GlobalSection(ProjectConfigurationPlatforms) = postSolution
		{D739603A-2F89-4E95-AACF-9FD8A0C1F37A}.Debug|Any CPU.ActiveCfg = Debug|Any CPU
		{D739603A-2F89-4E95-AACF-9FD8A0C1F37A}.Debug|Any CPU.Build.0 = Debug|Any CPU
		{D739603A-2F89-4E95-AACF-9FD8A0C1F37A}.Release|Any CPU.ActiveCfg = Release|Any CPU
		{D739603A-2F89-4E95-AACF-9FD8A0C1F37A}.Release|Any CPU.Build.0 = Release|Any CPU
	EndGlobalSection
	GlobalSection(SolutionProperties) = preSolution
		HideSolutionNode = FALSE
	EndGlobalSection
	GlobalSection(ExtensibilityGlobals) = postSolution
		SolutionGuid = {316614AA-FB85-4CEE-AC20-EFBF5B402173}
	EndGlobalSection
EndGlobal
